
Microsoft Visual Studio Solution File, Format Version 12.00
Project("{FAE04EC0-301F-11D3-BF4B-00C04F79EFBC}") = "Core_Departmant", "Core_Departmant\Core_Departmant.csproj", "{2A305275-9665-4F2B-8FB8-B9237ADA5B0F}"
EndProject
Global
	GlobalSection(SolutionConfigurationPlatforms) = preSolution
		Debug|Any CPU = Debug|Any CPU
		Release|Any CPU = Release|Any CPU
	EndGlobalSection
	GlobalSection(ProjectConfigurationPlatforms) = postSolution
		{2A305275-9665-4F2B-8FB8-B9237ADA5B0F}.Debug|Any CPU.ActiveCfg = Debug|Any CPU
		{2A305275-9665-4F2B-8FB8-B9237ADA5B0F}.Debug|Any CPU.Build.0 = Debug|Any CPU
		{2A305275-9665-4F2B-8FB8-B9237ADA5B0F}.Release|Any CPU.ActiveCfg = Release|Any CPU
		{2A305275-9665-4F2B-8FB8-B9237ADA5B0F}.Release|Any CPU.Build.0 = Release|Any CPU
	EndGlobalSection
EndGlobal
